// !$*UTF8*$!
{
	archiveVersion = 1;
	classes = {
	};
	objectVersion = 46;
	objects = {

/* Begin PBXBuildFile section */
		93B6722B17ECFA4300A6F19D /* UIKit.framework in Frameworks */ = {isa = PBXBuildFile; fileRef = 93B6722A17ECFA4300A6F19D /* UIKit.framework */; };
		93B6722D17ECFA4300A6F19D /* Foundation.framework in Frameworks */ = {isa = PBXBuildFile; fileRef = 93B6722C17ECFA4300A6F19D /* Foundation.framework */; };
		93B6722F17ECFA4300A6F19D /* CoreGraphics.framework in Frameworks */ = {isa = PBXBuildFile; fileRef = 93B6722E17ECFA4300A6F19D /* CoreGraphics.framework */; };
		93B6723517ECFA4300A6F19D /* InfoPlist.strings in Resources */ = {isa = PBXBuildFile; fileRef = 93B6723317ECFA4300A6F19D /* InfoPlist.strings */; };
		93B6723717ECFA4300A6F19D /* main.m in Sources */ = {isa = PBXBuildFile; fileRef = 93B6723617ECFA4300A6F19D /* main.m */; };
		93B6723B17ECFA4300A6F19D /* BNCAppDelegate.m in Sources */ = {isa = PBXBuildFile; fileRef = 93B6723A17ECFA4300A6F19D /* BNCAppDelegate.m */; };
		93B6723D17ECFA4300A6F19D /* Default.png in Resources */ = {isa = PBXBuildFile; fileRef = 93B6723C17ECFA4300A6F19D /* Default.png */; };
		93B6723F17ECFA4300A6F19D /* Default@2x.png in Resources */ = {isa = PBXBuildFile; fileRef = 93B6723E17ECFA4300A6F19D /* Default@2x.png */; };
		93B6724117ECFA4300A6F19D /* Default-568h@2x.png in Resources */ = {isa = PBXBuildFile; fileRef = 93B6724017ECFA4300A6F19D /* Default-568h@2x.png */; };
		93B6724417ECFA4300A6F19D /* BNCViewController.m in Sources */ = {isa = PBXBuildFile; fileRef = 93B6724317ECFA4300A6F19D /* BNCViewController.m */; };
		93B6724717ECFA4300A6F19D /* BNCViewController.xib in Resources */ = {isa = PBXBuildFile; fileRef = 93B6724517ECFA4300A6F19D /* BNCViewController.xib */; };
		93B6724F17ECFA4300A6F19D /* SenTestingKit.framework in Frameworks */ = {isa = PBXBuildFile; fileRef = 93B6724E17ECFA4300A6F19D /* SenTestingKit.framework */; };
		93B6725017ECFA4300A6F19D /* UIKit.framework in Frameworks */ = {isa = PBXBuildFile; fileRef = 93B6722A17ECFA4300A6F19D /* UIKit.framework */; };
		93B6725117ECFA4300A6F19D /* Foundation.framework in Frameworks */ = {isa = PBXBuildFile; fileRef = 93B6722C17ECFA4300A6F19D /* Foundation.framework */; };
		93B6725917ECFA4300A6F19D /* InfoPlist.strings in Resources */ = {isa = PBXBuildFile; fileRef = 93B6725717ECFA4300A6F19D /* InfoPlist.strings */; };
		93B6725C17ECFA4300A6F19D /* Sudoku_v3Tests.m in Sources */ = {isa = PBXBuildFile; fileRef = 93B6725B17ECFA4300A6F19D /* Sudoku_v3Tests.m */; };
		93B6726717ECFA8100A6F19D /* GridCell.m in Sources */ = {isa = PBXBuildFile; fileRef = 93B6726617ECFA8100A6F19D /* GridCell.m */; };
		93B6726D17ECFAB400A6F19D /* NumberPad.m in Sources */ = {isa = PBXBuildFile; fileRef = 93B6726C17ECFAB400A6F19D /* NumberPad.m */; };
		93B6727017ECFB2600A6F19D /* Grid.m in Sources */ = {isa = PBXBuildFile; fileRef = 93B6726F17ECFB2600A6F19D /* Grid.m */; };
		93B6727317ECFC2100A6F19D /* NumberPadCell.m in Sources */ = {isa = PBXBuildFile; fileRef = 93B6727217ECFC2100A6F19D /* NumberPadCell.m */; };
		93B6727617ECFC4E00A6F19D /* GridGenerator.m in Sources */ = {isa = PBXBuildFile; fileRef = 93B6727517ECFC4D00A6F19D /* GridGenerator.m */; };
		93B6727917ECFC6000A6F19D /* Model.m in Sources */ = {isa = PBXBuildFile; fileRef = 93B6727817ECFC6000A6F19D /* Model.m */; };
		93B6727B17EF89DA00A6F19D /* sudokus0.txt in Resources */ = {isa = PBXBuildFile; fileRef = 93B6727A17EF89D900A6F19D /* sudokus0.txt */; };
/* End PBXBuildFile section */

/* Begin PBXContainerItemProxy section */
		93B6725217ECFA4300A6F19D /* PBXContainerItemProxy */ = {
			isa = PBXContainerItemProxy;
			containerPortal = 93B6721F17ECFA4200A6F19D /* Project object */;
			proxyType = 1;
			remoteGlobalIDString = 93B6722617ECFA4300A6F19D;
			remoteInfo = Sudoku.v3;
		};
/* End PBXContainerItemProxy section */

/* Begin PBXFileReference section */
		93B6722717ECFA4300A6F19D /* Sudoku.v3.app */ = {isa = PBXFileReference; explicitFileType = wrapper.application; includeInIndex = 0; path = Sudoku.v3.app; sourceTree = BUILT_PRODUCTS_DIR; };
		93B6722A17ECFA4300A6F19D /* UIKit.framework */ = {isa = PBXFileReference; lastKnownFileType = wrapper.framework; name = UIKit.framework; path = System/Library/Frameworks/UIKit.framework; sourceTree = SDKROOT; };
		93B6722C17ECFA4300A6F19D /* Foundation.framework */ = {isa = PBXFileReference; lastKnownFileType = wrapper.framework; name = Foundation.framework; path = System/Library/Frameworks/Foundation.framework; sourceTree = SDKROOT; };
		93B6722E17ECFA4300A6F19D /* CoreGraphics.framework */ = {isa = PBXFileReference; lastKnownFileType = wrapper.framework; name = CoreGraphics.framework; path = System/Library/Frameworks/CoreGraphics.framework; sourceTree = SDKROOT; };
		93B6723217ECFA4300A6F19D /* Sudoku.v3-Info.plist */ = {isa = PBXFileReference; lastKnownFileType = text.plist.xml; path = "Sudoku.v3-Info.plist"; sourceTree = "<group>"; };
		93B6723417ECFA4300A6F19D /* en */ = {isa = PBXFileReference; lastKnownFileType = text.plist.strings; name = en; path = en.lproj/InfoPlist.strings; sourceTree = "<group>"; };
		93B6723617ECFA4300A6F19D /* main.m */ = {isa = PBXFileReference; lastKnownFileType = sourcecode.c.objc; path = main.m; sourceTree = "<group>"; };
		93B6723817ECFA4300A6F19D /* Sudoku.v3-Prefix.pch */ = {isa = PBXFileReference; lastKnownFileType = sourcecode.c.h; path = "Sudoku.v3-Prefix.pch"; sourceTree = "<group>"; };
		93B6723917ECFA4300A6F19D /* BNCAppDelegate.h */ = {isa = PBXFileReference; lastKnownFileType = sourcecode.c.h; path = BNCAppDelegate.h; sourceTree = "<group>"; };
		93B6723A17ECFA4300A6F19D /* BNCAppDelegate.m */ = {isa = PBXFileReference; lastKnownFileType = sourcecode.c.objc; path = BNCAppDelegate.m; sourceTree = "<group>"; };
		93B6723C17ECFA4300A6F19D /* Default.png */ = {isa = PBXFileReference; lastKnownFileType = image.png; path = Default.png; sourceTree = "<group>"; };
		93B6723E17ECFA4300A6F19D /* Default@2x.png */ = {isa = PBXFileReference; lastKnownFileType = image.png; path = "Default@2x.png"; sourceTree = "<group>"; };
		93B6724017ECFA4300A6F19D /* Default-568h@2x.png */ = {isa = PBXFileReference; lastKnownFileType = image.png; path = "Default-568h@2x.png"; sourceTree = "<group>"; };
		93B6724217ECFA4300A6F19D /* BNCViewController.h */ = {isa = PBXFileReference; lastKnownFileType = sourcecode.c.h; path = BNCViewController.h; sourceTree = "<group>"; };
		93B6724317ECFA4300A6F19D /* BNCViewController.m */ = {isa = PBXFileReference; lastKnownFileType = sourcecode.c.objc; path = BNCViewController.m; sourceTree = "<group>"; };
		93B6724617ECFA4300A6F19D /* en */ = {isa = PBXFileReference; lastKnownFileType = file.xib; name = en; path = en.lproj/BNCViewController.xib; sourceTree = "<group>"; };
		93B6724D17ECFA4300A6F19D /* Sudoku.v3Tests.octest */ = {isa = PBXFileReference; explicitFileType = wrapper.cfbundle; includeInIndex = 0; path = Sudoku.v3Tests.octest; sourceTree = BUILT_PRODUCTS_DIR; };
		93B6724E17ECFA4300A6F19D /* SenTestingKit.framework */ = {isa = PBXFileReference; lastKnownFileType = wrapper.framework; name = SenTestingKit.framework; path = Library/Frameworks/SenTestingKit.framework; sourceTree = DEVELOPER_DIR; };
		93B6725617ECFA4300A6F19D /* Sudoku.v3Tests-Info.plist */ = {isa = PBXFileReference; lastKnownFileType = text.plist.xml; path = "Sudoku.v3Tests-Info.plist"; sourceTree = "<group>"; };
		93B6725817ECFA4300A6F19D /* en */ = {isa = PBXFileReference; lastKnownFileType = text.plist.strings; name = en; path = en.lproj/InfoPlist.strings; sourceTree = "<group>"; };
		93B6725A17ECFA4300A6F19D /* Sudoku_v3Tests.h */ = {isa = PBXFileReference; lastKnownFileType = sourcecode.c.h; path = Sudoku_v3Tests.h; sourceTree = "<group>"; };
		93B6725B17ECFA4300A6F19D /* Sudoku_v3Tests.m */ = {isa = PBXFileReference; lastKnownFileType = sourcecode.c.objc; path = Sudoku_v3Tests.m; sourceTree = "<group>"; };
		93B6726517ECFA8100A6F19D /* GridCell.h */ = {isa = PBXFileReference; fileEncoding = 4; lastKnownFileType = sourcecode.c.h; path = GridCell.h; sourceTree = "<group>"; };
		93B6726617ECFA8100A6F19D /* GridCell.m */ = {isa = PBXFileReference; fileEncoding = 4; lastKnownFileType = sourcecode.c.objc; path = GridCell.m; sourceTree = "<group>"; };
		93B6726B17ECFAB400A6F19D /* NumberPad.h */ = {isa = PBXFileReference; fileEncoding = 4; lastKnownFileType = sourcecode.c.h; path = NumberPad.h; sourceTree = "<group>"; };
		93B6726C17ECFAB400A6F19D /* NumberPad.m */ = {isa = PBXFileReference; fileEncoding = 4; lastKnownFileType = sourcecode.c.objc; path = NumberPad.m; sourceTree = "<group>"; };
		93B6726E17ECFB2600A6F19D /* Grid.h */ = {isa = PBXFileReference; fileEncoding = 4; lastKnownFileType = sourcecode.c.h; path = Grid.h; sourceTree = "<group>"; };
		93B6726F17ECFB2600A6F19D /* Grid.m */ = {isa = PBXFileReference; fileEncoding = 4; lastKnownFileType = sourcecode.c.objc; path = Grid.m; sourceTree = "<group>"; };
		93B6727117ECFC2100A6F19D /* NumberPadCell.h */ = {isa = PBXFileReference; fileEncoding = 4; lastKnownFileType = sourcecode.c.h; path = NumberPadCell.h; sourceTree = "<group>"; };
		93B6727217ECFC2100A6F19D /* NumberPadCell.m */ = {isa = PBXFileReference; fileEncoding = 4; lastKnownFileType = sourcecode.c.objc; path = NumberPadCell.m; sourceTree = "<group>"; };
		93B6727417ECFC4D00A6F19D /* GridGenerator.h */ = {isa = PBXFileReference; fileEncoding = 4; lastKnownFileType = sourcecode.c.h; path = GridGenerator.h; sourceTree = "<group>"; };
		93B6727517ECFC4D00A6F19D /* GridGenerator.m */ = {isa = PBXFileReference; fileEncoding = 4; lastKnownFileType = sourcecode.c.objc; path = GridGenerator.m; sourceTree = "<group>"; };
		93B6727717ECFC6000A6F19D /* Model.h */ = {isa = PBXFileReference; fileEncoding = 4; lastKnownFileType = sourcecode.c.h; path = Model.h; sourceTree = "<group>"; };
		93B6727817ECFC6000A6F19D /* Model.m */ = {isa = PBXFileReference; fileEncoding = 4; lastKnownFileType = sourcecode.c.objc; path = Model.m; sourceTree = "<group>"; };
		93B6727A17EF89D900A6F19D /* sudokus0.txt */ = {isa = PBXFileReference; fileEncoding = 4; lastKnownFileType = text; path = sudokus0.txt; sourceTree = "<group>"; };
/* End PBXFileReference section */

/* Begin PBXFrameworksBuildPhase section */
		93B6722417ECFA4300A6F19D /* Frameworks */ = {
			isa = PBXFrameworksBuildPhase;
			buildActionMask = 2147483647;
			files = (
				93B6722B17ECFA4300A6F19D /* UIKit.framework in Frameworks */,
				93B6722D17ECFA4300A6F19D /* Foundation.framework in Frameworks */,
				93B6722F17ECFA4300A6F19D /* CoreGraphics.framework in Frameworks */,
			);
			runOnlyForDeploymentPostprocessing = 0;
		};
		93B6724917ECFA4300A6F19D /* Frameworks */ = {
			isa = PBXFrameworksBuildPhase;
			buildActionMask = 2147483647;
			files = (
				93B6724F17ECFA4300A6F19D /* SenTestingKit.framework in Frameworks */,
				93B6725017ECFA4300A6F19D /* UIKit.framework in Frameworks */,
				93B6725117ECFA4300A6F19D /* Foundation.framework in Frameworks */,
			);
			runOnlyForDeploymentPostprocessing = 0;
		};
/* End PBXFrameworksBuildPhase section */

/* Begin PBXGroup section */
		93B6721E17ECFA4200A6F19D = {
			isa = PBXGroup;
			children = (
				93B6723017ECFA4300A6F19D /* Sudoku.v3 */,
				93B6725417ECFA4300A6F19D /* Sudoku.v3Tests */,
				93B6722917ECFA4300A6F19D /* Frameworks */,
				93B6722817ECFA4300A6F19D /* Products */,
			);
			sourceTree = "<group>";
		};
		93B6722817ECFA4300A6F19D /* Products */ = {
			isa = PBXGroup;
			children = (
				93B6722717ECFA4300A6F19D /* Sudoku.v3.app */,
				93B6724D17ECFA4300A6F19D /* Sudoku.v3Tests.octest */,
			);
			name = Products;
			sourceTree = "<group>";
		};
		93B6722917ECFA4300A6F19D /* Frameworks */ = {
			isa = PBXGroup;
			children = (
				93B6722A17ECFA4300A6F19D /* UIKit.framework */,
				93B6722C17ECFA4300A6F19D /* Foundation.framework */,
				93B6722E17ECFA4300A6F19D /* CoreGraphics.framework */,
				93B6724E17ECFA4300A6F19D /* SenTestingKit.framework */,
			);
			name = Frameworks;
			sourceTree = "<group>";
		};
		93B6723017ECFA4300A6F19D /* Sudoku.v3 */ = {
			isa = PBXGroup;
			children = (
				93B6723917ECFA4300A6F19D /* BNCAppDelegate.h */,
				93B6723A17ECFA4300A6F19D /* BNCAppDelegate.m */,
				93B6727417ECFC4D00A6F19D /* GridGenerator.h */,
				93B6727517ECFC4D00A6F19D /* GridGenerator.m */,
				93B6727717ECFC6000A6F19D /* Model.h */,
				93B6727817ECFC6000A6F19D /* Model.m */,
				93B6726517ECFA8100A6F19D /* GridCell.h */,
				93B6726617ECFA8100A6F19D /* GridCell.m */,
				93B6727117ECFC2100A6F19D /* NumberPadCell.h */,
				93B6727217ECFC2100A6F19D /* NumberPadCell.m */,
				93B6726E17ECFB2600A6F19D /* Grid.h */,
				93B6726F17ECFB2600A6F19D /* Grid.m */,
				93B6726B17ECFAB400A6F19D /* NumberPad.h */,
				93B6726C17ECFAB400A6F19D /* NumberPad.m */,
				93B6724217ECFA4300A6F19D /* BNCViewController.h */,
				93B6724317ECFA4300A6F19D /* BNCViewController.m */,
				93B6724517ECFA4300A6F19D /* BNCViewController.xib */,
				93B6723117ECFA4300A6F19D /* Supporting Files */,
			);
			path = Sudoku.v3;
			sourceTree = "<group>";
		};
		93B6723117ECFA4300A6F19D /* Supporting Files */ = {
			isa = PBXGroup;
			children = (
				93B6727A17EF89D900A6F19D /* sudokus0.txt */,
				93B6723217ECFA4300A6F19D /* Sudoku.v3-Info.plist */,
				93B6723317ECFA4300A6F19D /* InfoPlist.strings */,
				93B6723617ECFA4300A6F19D /* main.m */,
				93B6723817ECFA4300A6F19D /* Sudoku.v3-Prefix.pch */,
				93B6723C17ECFA4300A6F19D /* Default.png */,
				93B6723E17ECFA4300A6F19D /* Default@2x.png */,
				93B6724017ECFA4300A6F19D /* Default-568h@2x.png */,
			);
			name = "Supporting Files";
			sourceTree = "<group>";
		};
		93B6725417ECFA4300A6F19D /* Sudoku.v3Tests */ = {
			isa = PBXGroup;
			children = (
				93B6725A17ECFA4300A6F19D /* Sudoku_v3Tests.h */,
				93B6725B17ECFA4300A6F19D /* Sudoku_v3Tests.m */,
				93B6725517ECFA4300A6F19D /* Supporting Files */,
			);
			path = Sudoku.v3Tests;
			sourceTree = "<group>";
		};
		93B6725517ECFA4300A6F19D /* Supporting Files */ = {
			isa = PBXGroup;
			children = (
				93B6725617ECFA4300A6F19D /* Sudoku.v3Tests-Info.plist */,
				93B6725717ECFA4300A6F19D /* InfoPlist.strings */,
			);
			name = "Supporting Files";
			sourceTree = "<group>";
		};
/* End PBXGroup section */

/* Begin PBXNativeTarget section */
		93B6722617ECFA4300A6F19D /* Sudoku.v3 */ = {
			isa = PBXNativeTarget;
			buildConfigurationList = 93B6725F17ECFA4300A6F19D /* Build configuration list for PBXNativeTarget "Sudoku.v3" */;
			buildPhases = (
				93B6722317ECFA4300A6F19D /* Sources */,
				93B6722417ECFA4300A6F19D /* Frameworks */,
				93B6722517ECFA4300A6F19D /* Resources */,
			);
			buildRules = (
			);
			dependencies = (
			);
			name = Sudoku.v3;
			productName = Sudoku.v3;
			productReference = 93B6722717ECFA4300A6F19D /* Sudoku.v3.app */;
			productType = "com.apple.product-type.application";
		};
		93B6724C17ECFA4300A6F19D /* Sudoku.v3Tests */ = {
			isa = PBXNativeTarget;
			buildConfigurationList = 93B6726217ECFA4300A6F19D /* Build configuration list for PBXNativeTarget "Sudoku.v3Tests" */;
			buildPhases = (
				93B6724817ECFA4300A6F19D /* Sources */,
				93B6724917ECFA4300A6F19D /* Frameworks */,
				93B6724A17ECFA4300A6F19D /* Resources */,
				93B6724B17ECFA4300A6F19D /* ShellScript */,
			);
			buildRules = (
			);
			dependencies = (
				93B6725317ECFA4300A6F19D /* PBXTargetDependency */,
			);
			name = Sudoku.v3Tests;
			productName = Sudoku.v3Tests;
			productReference = 93B6724D17ECFA4300A6F19D /* Sudoku.v3Tests.octest */;
			productType = "com.apple.product-type.bundle";
		};
/* End PBXNativeTarget section */

/* Begin PBXProject section */
		93B6721F17ECFA4200A6F19D /* Project object */ = {
			isa = PBXProject;
			attributes = {
				CLASSPREFIX = BNC;
				LastUpgradeCheck = 0460;
				ORGANIZATIONNAME = CS121;
			};
			buildConfigurationList = 93B6722217ECFA4200A6F19D /* Build configuration list for PBXProject "Sudoku.v3" */;
			compatibilityVersion = "Xcode 3.2";
			developmentRegion = English;
			hasScannedForEncodings = 0;
			knownRegions = (
				en,
			);
			mainGroup = 93B6721E17ECFA4200A6F19D;
			productRefGroup = 93B6722817ECFA4300A6F19D /* Products */;
			projectDirPath = "";
			projectRoot = "";
			targets = (
				93B6722617ECFA4300A6F19D /* Sudoku.v3 */,
				93B6724C17ECFA4300A6F19D /* Sudoku.v3Tests */,
			);
		};
/* End PBXProject section */

/* Begin PBXResourcesBuildPhase section */
		93B6722517ECFA4300A6F19D /* Resources */ = {
			isa = PBXResourcesBuildPhase;
			buildActionMask = 2147483647;
			files = (
				93B6723517ECFA4300A6F19D /* InfoPlist.strings in Resources */,
				93B6723D17ECFA4300A6F19D /* Default.png in Resources */,
				93B6723F17ECFA4300A6F19D /* Default@2x.png in Resources */,
				93B6724117ECFA4300A6F19D /* Default-568h@2x.png in Resources */,
				93B6724717ECFA4300A6F19D /* BNCViewController.xib in Resources */,
				93B6727B17EF89DA00A6F19D /* sudokus0.txt in Resources */,
			);
			runOnlyForDeploymentPostprocessing = 0;
		};
		93B6724A17ECFA4300A6F19D /* Resources */ = {
			isa = PBXResourcesBuildPhase;
			buildActionMask = 2147483647;
			files = (
				93B6725917ECFA4300A6F19D /* InfoPlist.strings in Resources */,
			);
			runOnlyForDeploymentPostprocessing = 0;
		};
/* End PBXResourcesBuildPhase section */

/* Begin PBXShellScriptBuildPhase section */
		93B6724B17ECFA4300A6F19D /* ShellScript */ = {
			isa = PBXShellScriptBuildPhase;
			buildActionMask = 2147483647;
			files = (
			);
			inputPaths = (
			);
			outputPaths = (
			);
			runOnlyForDeploymentPostprocessing = 0;
			shellPath = /bin/sh;
			shellScript = "# Run the unit tests in this test bundle.\n\"${SYSTEM_DEVELOPER_DIR}/Tools/RunUnitTests\"\n";
		};
/* End PBXShellScriptBuildPhase section */

/* Begin PBXSourcesBuildPhase section */
		93B6722317ECFA4300A6F19D /* Sources */ = {
			isa = PBXSourcesBuildPhase;
			buildActionMask = 2147483647;
			files = (
				93B6723717ECFA4300A6F19D /* main.m in Sources */,
				93B6723B17ECFA4300A6F19D /* BNCAppDelegate.m in Sources */,
				93B6724417ECFA4300A6F19D /* BNCViewController.m in Sources */,
				93B6726717ECFA8100A6F19D /* GridCell.m in Sources */,
				93B6726D17ECFAB400A6F19D /* NumberPad.m in Sources */,
				93B6727017ECFB2600A6F19D /* Grid.m in Sources */,
				93B6727317ECFC2100A6F19D /* NumberPadCell.m in Sources */,
				93B6727617ECFC4E00A6F19D /* GridGenerator.m in Sources */,
				93B6727917ECFC6000A6F19D /* Model.m in Sources */,
			);
			runOnlyForDeploymentPostprocessing = 0;
		};
		93B6724817ECFA4300A6F19D /* Sources */ = {
			isa = PBXSourcesBuildPhase;
			buildActionMask = 2147483647;
			files = (
				93B6725C17ECFA4300A6F19D /* Sudoku_v3Tests.m in Sources */,
			);
			runOnlyForDeploymentPostprocessing = 0;
		};
/* End PBXSourcesBuildPhase section */

/* Begin PBXTargetDependency section */
		93B6725317ECFA4300A6F19D /* PBXTargetDependency */ = {
			isa = PBXTargetDependency;
			target = 93B6722617ECFA4300A6F19D /* Sudoku.v3 */;
			targetProxy = 93B6725217ECFA4300A6F19D /* PBXContainerItemProxy */;
		};
/* End PBXTargetDependency section */

/* Begin PBXVariantGroup section */
		93B6723317ECFA4300A6F19D /* InfoPlist.strings */ = {
			isa = PBXVariantGroup;
			children = (
				93B6723417ECFA4300A6F19D /* en */,
			);
			name = InfoPlist.strings;
			sourceTree = "<group>";
		};
		93B6724517ECFA4300A6F19D /* BNCViewController.xib */ = {
			isa = PBXVariantGroup;
			children = (
				93B6724617ECFA4300A6F19D /* en */,
			);
			name = BNCViewController.xib;
			sourceTree = "<group>";
		};
		93B6725717ECFA4300A6F19D /* InfoPlist.strings */ = {
			isa = PBXVariantGroup;
			children = (
				93B6725817ECFA4300A6F19D /* en */,
			);
			name = InfoPlist.strings;
			sourceTree = "<group>";
		};
/* End PBXVariantGroup section */

/* Begin XCBuildConfiguration section */
		93B6725D17ECFA4300A6F19D /* Debug */ = {
			isa = XCBuildConfiguration;
			buildSettings = {
				ALWAYS_SEARCH_USER_PATHS = NO;
				CLANG_CXX_LANGUAGE_STANDARD = "gnu++0x";
				CLANG_CXX_LIBRARY = "libc++";
				CLANG_ENABLE_OBJC_ARC = YES;
				CLANG_WARN_CONSTANT_CONVERSION = YES;
				CLANG_WARN_EMPTY_BODY = YES;
				CLANG_WARN_ENUM_CONVERSION = YES;
				CLANG_WARN_INT_CONVERSION = YES;
				CLANG_WARN__DUPLICATE_METHOD_MATCH = YES;
				"CODE_SIGN_IDENTITY[sdk=iphoneos*]" = "iPhone Developer";
				COPY_PHASE_STRIP = NO;
				GCC_C_LANGUAGE_STANDARD = gnu99;
				GCC_DYNAMIC_NO_PIC = NO;
				GCC_OPTIMIZATION_LEVEL = 0;
				GCC_PREPROCESSOR_DEFINITIONS = (
					"DEBUG=1",
					"$(inherited)",
				);
				GCC_SYMBOLS_PRIVATE_EXTERN = NO;
				GCC_WARN_ABOUT_RETURN_TYPE = YES;
				GCC_WARN_UNINITIALIZED_AUTOS = YES;
				GCC_WARN_UNUSED_VARIABLE = YES;
				IPHONEOS_DEPLOYMENT_TARGET = 6.1;
				ONLY_ACTIVE_ARCH = YES;
				SDKROOT = iphoneos;
				TARGETED_DEVICE_FAMILY = 2;
			};
			name = Debug;
		};
		93B6725E17ECFA4300A6F19D /* Release */ = {
			isa = XCBuildConfiguration;
			buildSettings = {
				ALWAYS_SEARCH_USER_PATHS = NO;
				CLANG_CXX_LANGUAGE_STANDARD = "gnu++0x";
				CLANG_CXX_LIBRARY = "libc++";
				CLANG_ENABLE_OBJC_ARC = YES;
				CLANG_WARN_CONSTANT_CONVERSION = YES;
				CLANG_WARN_EMPTY_BODY = YES;
				CLANG_WARN_ENUM_CONVERSION = YES;
				CLANG_WARN_INT_CONVERSION = YES;
				CLANG_WARN__DUPLICATE_METHOD_MATCH = YES;
				"CODE_SIGN_IDENTITY[sdk=iphoneos*]" = "iPhone Developer";
				COPY_PHASE_STRIP = YES;
				GCC_C_LANGUAGE_STANDARD = gnu99;
				GCC_WARN_ABOUT_RETURN_TYPE = YES;
				GCC_WARN_UNINITIALIZED_AUTOS = YES;
				GCC_WARN_UNUSED_VARIABLE = YES;
				IPHONEOS_DEPLOYMENT_TARGET = 6.1;
				OTHER_CFLAGS = "-DNS_BLOCK_ASSERTIONS=1";
				SDKROOT = iphoneos;
				TARGETED_DEVICE_FAMILY = 2;
				VALIDATE_PRODUCT = YES;
			};
			name = Release;
		};
		93B6726017ECFA4300A6F19D /* Debug */ = {
			isa = XCBuildConfiguration;
			buildSettings = {
				GCC_PRECOMPILE_PREFIX_HEADER = YES;
				GCC_PREFIX_HEADER = "Sudoku.v3/Sudoku.v3-Prefix.pch";
				INFOPLIST_FILE = "Sudoku.v3/Sudoku.v3-Info.plist";
				PRODUCT_NAME = "$(TARGET_NAME)";
				WRAPPER_EXTENSION = app;
			};
			name = Debug;
		};
		93B6726117ECFA4300A6F19D /* Release */ = {
			isa = XCBuildConfiguration;
			buildSettings = {
				GCC_PRECOMPILE_PREFIX_HEADER = YES;
				GCC_PREFIX_HEADER = "Sudoku.v3/Sudoku.v3-Prefix.pch";
				INFOPLIST_FILE = "Sudoku.v3/Sudoku.v3-Info.plist";
				PRODUCT_NAME = "$(TARGET_NAME)";
				WRAPPER_EXTENSION = app;
			};
			name = Release;
		};
		93B6726317ECFA4300A6F19D /* Debug */ = {
			isa = XCBuildConfiguration;
			buildSettings = {
				BUNDLE_LOADER = "$(BUILT_PRODUCTS_DIR)/Sudoku.v3.app/Sudoku.v3";
				FRAMEWORK_SEARCH_PATHS = (
					"\"$(SDKROOT)/Developer/Library/Frameworks\"",
					"\"$(DEVELOPER_LIBRARY_DIR)/Frameworks\"",
				);
				GCC_PRECOMPILE_PREFIX_HEADER = YES;
				GCC_PREFIX_HEADER = "Sudoku.v3/Sudoku.v3-Prefix.pch";
				INFOPLIST_FILE = "Sudoku.v3Tests/Sudoku.v3Tests-Info.plist";
				PRODUCT_NAME = "$(TARGET_NAME)";
				TEST_HOST = "$(BUNDLE_LOADER)";
				WRAPPER_EXTENSION = octest;
			};
			name = Debug;
		};
		93B6726417ECFA4300A6F19D /* Release */ = {
			isa = XCBuildConfiguration;
			buildSettings = {
				BUNDLE_LOADER = "$(BUILT_PRODUCTS_DIR)/Sudoku.v3.app/Sudoku.v3";
				FRAMEWORK_SEARCH_PATHS = (
					"\"$(SDKROOT)/Developer/Library/Frameworks\"",
					"\"$(DEVELOPER_LIBRARY_DIR)/Frameworks\"",
				);
				GCC_PRECOMPILE_PREFIX_HEADER = YES;
				GCC_PREFIX_HEADER = "Sudoku.v3/Sudoku.v3-Prefix.pch";
				INFOPLIST_FILE = "Sudoku.v3Tests/Sudoku.v3Tests-Info.plist";
				PRODUCT_NAME = "$(TARGET_NAME)";
				TEST_HOST = "$(BUNDLE_LOADER)";
				WRAPPER_EXTENSION = octest;
			};
			name = Release;
		};
/* End XCBuildConfiguration section */

/* Begin XCConfigurationList section */
		93B6722217ECFA4200A6F19D /* Build configuration list for PBXProject "Sudoku.v3" */ = {
			isa = XCConfigurationList;
			buildConfigurations = (
				93B6725D17ECFA4300A6F19D /* Debug */,
				93B6725E17ECFA4300A6F19D /* Release */,
			);
			defaultConfigurationIsVisible = 0;
			defaultConfigurationName = Release;
		};
		93B6725F17ECFA4300A6F19D /* Build configuration list for PBXNativeTarget "Sudoku.v3" */ = {
			isa = XCConfigurationList;
			buildConfigurations = (
				93B6726017ECFA4300A6F19D /* Debug */,
				93B6726117ECFA4300A6F19D /* Release */,
			);
			defaultConfigurationIsVisible = 0;
		};
		93B6726217ECFA4300A6F19D /* Build configuration list for PBXNativeTarget "Sudoku.v3Tests" */ = {
			isa = XCConfigurationList;
			buildConfigurations = (
				93B6726317ECFA4300A6F19D /* Debug */,
				93B6726417ECFA4300A6F19D /* Release */,
			);
			defaultConfigurationIsVisible = 0;
		};
/* End XCConfigurationList section */
	};
	rootObject = 93B6721F17ECFA4200A6F19D /* Project object */;
}
